PODS:
  - AFNetworking (2.4.1):
    - AFNetworking/NSURLConnection
    - AFNetworking/NSURLSession
    - AFNetworking/Reachability
    - AFNetworking/Security
    - AFNetworking/Serialization
    - AFNetworking/UIKit
  - AFNetworking/NSURLConnection (2.4.1):
    - AFNetworking/Reachability
    - AFNetworking/Security
    - AFNetworking/Serialization
  - AFNetworking/NSURLSession (2.4.1):
    - AFNetworking/Reachability
    - AFNetworking/Security
    - AFNetworking/Serialization
  - AFNetworking/Reachability (2.4.1)
  - AFNetworking/Security (2.4.1)
  - AFNetworking/Serialization (2.4.1)
  - AFNetworking/UIKit (2.4.1):
    - AFNetworking/NSURLConnection
    - AFNetworking/NSURLSession
  - BiergartenFetcher (0.0.1):
    - Reachability
  - Bolts (1.1.2)
  - Dropbox-iOS-SDK (1.3.13)
  - Facebook-iOS-SDK (3.19.0):
    - Bolts (~> 1.0)
  - FlickrKit (1.0.4)
  - Foursquare-API-v2 (1.4.5)
  - Foursquare-iOS-API (2.0)
  - Google-API-Client (0.1.1):
    - Google-API-Client/AdSense
    - Google-API-Client/Analytics
    - Google-API-Client/AppState
    - Google-API-Client/Bigquery
    - Google-API-Client/Blogger
    - Google-API-Client/Books
    - Google-API-Client/Calendar
    - Google-API-Client/CivicInfo
    - Google-API-Client/Common
    - Google-API-Client/Compute
    - Google-API-Client/Discovery
    - Google-API-Client/DoubleClickBidManager
    - Google-API-Client/Drive
    - Google-API-Client/Groupssettings
    - Google-API-Client/Licensing
    - Google-API-Client/MapsEngine
    - Google-API-Client/Mirror
    - Google-API-Client/Orkut
    - Google-API-Client/Plus
    - Google-API-Client/PlusDomains
    - Google-API-Client/Prediction
    - Google-API-Client/QPXExpress
    - Google-API-Client/Spectrum
    - Google-API-Client/SQLAdmin
    - Google-API-Client/Storage
    - Google-API-Client/Tasks
    - Google-API-Client/Urlshortener
    - Google-API-Client/YouTube
    - Google-API-Client/YouTubeAnalytics
    - gtm-oauth2
    - GTMHTTPFetcher
  - Google-API-Client/AdSense (0.1.1):
    - Google-API-Client/Common
    - gtm-oauth2
    - GTMHTTPFetcher
  - Google-API-Client/Analytics (0.1.1):
    - Google-API-Client/Common
    - gtm-oauth2
    - GTMHTTPFetcher
  - Google-API-Client/AppState (0.1.1):
    - Google-API-Client/Common
    - gtm-oauth2
    - GTMHTTPFetcher
  - Google-API-Client/Bigquery (0.1.1):
    - Google-API-Client/Common
    - gtm-oauth2
    - GTMHTTPFetcher
  - Google-API-Client/Blogger (0.1.1):
    - Google-API-Client/Common
    - gtm-oauth2
    - GTMHTTPFetcher
  - Google-API-Client/Books (0.1.1):
    - Google-API-Client/Common
    - gtm-oauth2
    - GTMHTTPFetcher
  - Google-API-Client/Calendar (0.1.1):
    - Google-API-Client/Common
    - gtm-oauth2
    - GTMHTTPFetcher
  - Google-API-Client/CivicInfo (0.1.1):
    - Google-API-Client/Common
    - gtm-oauth2
    - GTMHTTPFetcher
  - Google-API-Client/Common (0.1.1):
    - gtm-oauth2
    - GTMHTTPFetcher
  - Google-API-Client/Compute (0.1.1):
    - Google-API-Client/Common
    - gtm-oauth2
    - GTMHTTPFetcher
  - Google-API-Client/Discovery (0.1.1):
    - Google-API-Client/Common
    - gtm-oauth2
    - GTMHTTPFetcher
  - Google-API-Client/DoubleClickBidManager (0.1.1):
    - Google-API-Client/Common
    - gtm-oauth2
    - GTMHTTPFetcher
  - Google-API-Client/Drive (0.1.1):
    - Google-API-Client/Common
    - gtm-oauth2
    - GTMHTTPFetcher
  - Google-API-Client/Groupssettings (0.1.1):
    - Google-API-Client/Common
    - gtm-oauth2
    - GTMHTTPFetcher
  - Google-API-Client/Licensing (0.1.1):
    - Google-API-Client/Common
    - gtm-oauth2
    - GTMHTTPFetcher
  - Google-API-Client/MapsEngine (0.1.1):
    - Google-API-Client/Common
    - gtm-oauth2
    - GTMHTTPFetcher
  - Google-API-Client/Mirror (0.1.1):
    - Google-API-Client/Common
    - gtm-oauth2
    - GTMHTTPFetcher
  - Google-API-Client/Orkut (0.1.1):
    - Google-API-Client/Common
    - gtm-oauth2
    - GTMHTTPFetcher
  - Google-API-Client/Plus (0.1.1):
    - Google-API-Client/Common
    - gtm-oauth2
    - GTMHTTPFetcher
  - Google-API-Client/PlusDomains (0.1.1):
    - Google-API-Client/Common
    - gtm-oauth2
    - GTMHTTPFetcher
  - Google-API-Client/Prediction (0.1.1):
    - Google-API-Client/Common
    - gtm-oauth2
    - GTMHTTPFetcher
  - Google-API-Client/QPXExpress (0.1.1):
    - Google-API-Client/Common
    - gtm-oauth2
    - GTMHTTPFetcher
  - Google-API-Client/Spectrum (0.1.1):
    - Google-API-Client/Common
    - gtm-oauth2
    - GTMHTTPFetcher
  - Google-API-Client/SQLAdmin (0.1.1):
    - Google-API-Client/Common
    - gtm-oauth2
    - GTMHTTPFetcher
  - Google-API-Client/Storage (0.1.1):
    - Google-API-Client/Common
    - gtm-oauth2
    - GTMHTTPFetcher
  - Google-API-Client/Tasks (0.1.1):
    - Google-API-Client/Common
    - gtm-oauth2
    - GTMHTTPFetcher
  - Google-API-Client/Urlshortener (0.1.1):
    - Google-API-Client/Common
    - gtm-oauth2
    - GTMHTTPFetcher
  - Google-API-Client/YouTube (0.1.1):
    - Google-API-Client/Common
    - gtm-oauth2
    - GTMHTTPFetcher
  - Google-API-Client/YouTubeAnalytics (0.1.1):
    - Google-API-Client/Common
    - gtm-oauth2
    - GTMHTTPFetcher
  - gtm-oauth2 (0.1.0):
    - GTMHTTPFetcher
  - GTMHTTPFetcher (0.1.0)
  - HexColors (2.2.1)
  - InstagramKit (3.5.0):
    - AFNetworking (~> 2.0)
  - IOSLinkedInAPI (2.0.0):
    - AFNetworking (>= 2.0.0)
  - JXHTTP (1.0.0)
  - Kiwi (2.3.0)
  - LBBlurredImage (0.2.0)
  - Mantle (1.5):
    - Mantle/extobjc
  - Mantle/extobjc (1.5)
  - MBProgressHUD (0.9)
  - Pinterest-iOS (2.3)
  - Reachability (3.1.1)
  - ReactiveCocoa (2.3.1):
    - ReactiveCocoa/UI
  - ReactiveCocoa/Core (2.3.1):
    - ReactiveCocoa/no-arc
  - ReactiveCocoa/no-arc (2.3.1)
  - ReactiveCocoa/UI (2.3.1):
    - ReactiveCocoa/Core
  - SBJson (4.0.1)
  - TMTumblrSDK (1.0.8):
    - TMTumblrSDK/Activity
    - TMTumblrSDK/APIClient
    - TMTumblrSDK/AppClient
    - TMTumblrSDK/Core
  - TMTumblrSDK/Activity (1.0.8)
  - TMTumblrSDK/APIClient (1.0.8):
    - JXHTTP (= 1.0.0)
    - TMTumblrSDK/APIClient/Authentication
  - TMTumblrSDK/APIClient/Authentication (1.0.8):
    - JXHTTP (= 1.0.0)
    - TMTumblrSDK/Core
  - TMTumblrSDK/AppClient (1.0.8):
    - TMTumblrSDK/Core
  - TMTumblrSDK/Core (1.0.8)
  - TSMessages (0.9.10):
    - HexColors
  - unoffical-twitter-sdk (0.0.1):
    - SBJson

DEPENDENCIES:
  - AFNetworking
  - BiergartenFetcher (from `/Users/platzerworld/cocoapodsrepo/BiergartenFetcher/0.0.1`)
  - Dropbox-iOS-SDK
  - Facebook-iOS-SDK
  - FlickrKit
  - Foursquare-API-v2
  - Foursquare-iOS-API
  - Google-API-Client
  - HexColors
  - InstagramKit
  - IOSLinkedInAPI
  - Kiwi
  - LBBlurredImage
  - Mantle
  - MBProgressHUD
  - Pinterest-iOS
  - ReactiveCocoa
  - TMTumblrSDK
  - TSMessages
  - unoffical-twitter-sdk

EXTERNAL SOURCES:
  BiergartenFetcher:
    :path: /Users/platzerworld/cocoapodsrepo/BiergartenFetcher/0.0.1

SPEC CHECKSUMS:
  AFNetworking: 0aabc6fae66d6e5d039eeb21c315843c7aae51ab
  BiergartenFetcher: 7dbc077a44d8646e68787586b1596791f8e3d87c
  Bolts: 2635e8698a630774689441047f3465d78c48d485
  Dropbox-iOS-SDK: 367160c05e279e7fa3205f3233d1873b7a986ee6
  Facebook-iOS-SDK: cb7d74759d0b1ba546e6e6f1dde407b0d4e448d6
  FlickrKit: 1bbc5c91f065fa0d7ce4119c5d5c63a9241eea73
  Foursquare-API-v2: 31b9b6a9e68bc914bae4d3e20d65dc2826f4394d
  Foursquare-iOS-API: 5e4b94fcb4fb74c8f0b0598445502bf691dd5f6b
  Google-API-Client: 69cd2a04c649abe9f3fa6695bc4bb8965373f204
  gtm-oauth2: 64f2d404a50676ab63b5437a02a7567da8f8b7fa
  GTMHTTPFetcher: 0f02d5a5803dd08736462981064de6a7f59cf9bd
  HexColors: 01384d2bbe8dc4ffa43c3b4135db6e976952d153
  InstagramKit: f96f2e6ec35efe6c2bfc33b63b2ba56d9856c0c9
  IOSLinkedInAPI: 5b400668a260a3594af94e363ade95933ce22db8
  JXHTTP: dd1fe9c6fa21e7b2be9724ef2be16c66aafc44b4
  Kiwi: 54bece5b35564d9b8e03c608d926f1a22fcfc589
  LBBlurredImage: 30cc42be977bbcece286d26d2d9c08b8be7f05e8
  Mantle: c67a7e45e14196ed42b2a7cbb98ff6a9920e6b92
  MBProgressHUD: 2038dbcf3dce73215abed6001657043d53aa79a8
  Pinterest-iOS: 418044a91ac88d370a54ce06b89ee034c240171d
  Reachability: 8e9635e3cb4f98e7f825e51147f677ecc694d0e7
  ReactiveCocoa: dca75777b9d18990c8714a3a6f2149f29b4d1462
  SBJson: d71212c078abf4679d54b0d0565260c474e46235
  TMTumblrSDK: b9fada23e88b42ade2b492a6db95bfb1dff6304b
  TSMessages: 8598a0645e9d54847f6e5f3b070bef39c493bbf8
  unoffical-twitter-sdk: 4ac641555b0d3f6e9970c99a1fa4291fb306ba65

COCOAPODS: 0.34.1
